// !$*UTF8*$!
{
	archiveVersion = 1;
	classes = {
	};
	objectVersion = 51;
	objects = {

/* Begin PBXBuildFile section */
		18346F7E26B190DE00388568 /* AppDelegate.swift in Sources */ = {isa = PBXBuildFile; fileRef = 18346F7D26B190DE00388568 /* AppDelegate.swift */; };
		18346F8026B190DE00388568 /* SceneDelegate.swift in Sources */ = {isa = PBXBuildFile; fileRef = 18346F7F26B190DE00388568 /* SceneDelegate.swift */; };
		18346F8226B190DE00388568 /* ViewController.swift in Sources */ = {isa = PBXBuildFile; fileRef = 18346F8126B190DE00388568 /* ViewController.swift */; };
		18346F8726B190E000388568 /* Assets.xcassets in Resources */ = {isa = PBXBuildFile; fileRef = 18346F8626B190E000388568 /* Assets.xcassets */; };
		18346F8A26B190E000388568 /* LaunchScreen.storyboard in Resources */ = {isa = PBXBuildFile; fileRef = 18346F8826B190E000388568 /* LaunchScreen.storyboard */; };
		18346FA226B192A200388568 /* SuccessVC.swift in Sources */ = {isa = PBXBuildFile; fileRef = 18346FA126B192A200388568 /* SuccessVC.swift */; };
		18346FA626B192C200388568 /* Main.storyboard in Resources */ = {isa = PBXBuildFile; fileRef = 18346FA526B192C200388568 /* Main.storyboard */; };
		DDDC3D2907B8BEC38933CAE5 /* Pods_KeyChain_Swift.framework in Frameworks */ = {isa = PBXBuildFile; fileRef = 8D137489DF6518F62F0A9788 /* Pods_KeyChain_Swift.framework */; };
/* End PBXBuildFile section */

/* Begin PBXFileReference section */
		18346F7A26B190DE00388568 /* KeyChain_Swift.app */ = {isa = PBXFileReference; explicitFileType = wrapper.application; includeInIndex = 0; path = KeyChain_Swift.app; sourceTree = BUILT_PRODUCTS_DIR; };
		18346F7D26B190DE00388568 /* AppDelegate.swift */ = {isa = PBXFileReference; lastKnownFileType = sourcecode.swift; path = AppDelegate.swift; sourceTree = "<group>"; };
		18346F7F26B190DE00388568 /* SceneDelegate.swift */ = {isa = PBXFileReference; lastKnownFileType = sourcecode.swift; path = SceneDelegate.swift; sourceTree = "<group>"; };
		18346F8126B190DE00388568 /* ViewController.swift */ = {isa = PBXFileReference; lastKnownFileType = sourcecode.swift; path = ViewController.swift; sourceTree = "<group>"; };
		18346F8626B190E000388568 /* Assets.xcassets */ = {isa = PBXFileReference; lastKnownFileType = folder.assetcatalog; path = Assets.xcassets; sourceTree = "<group>"; };
		18346F8926B190E000388568 /* Base */ = {isa = PBXFileReference; lastKnownFileType = file.storyboard; name = Base; path = Base.lproj/LaunchScreen.storyboard; sourceTree = "<group>"; };
		18346F8B26B190E000388568 /* Info.plist */ = {isa = PBXFileReference; lastKnownFileType = text.plist.xml; path = Info.plist; sourceTree = "<group>"; };
		18346FA126B192A200388568 /* SuccessVC.swift */ = {isa = PBXFileReference; fileEncoding = 4; lastKnownFileType = sourcecode.swift; path = SuccessVC.swift; sourceTree = "<group>"; };
		18346FA526B192C200388568 /* Main.storyboard */ = {isa = PBXFileReference; fileEncoding = 4; lastKnownFileType = file.storyboard; path = Main.storyboard; sourceTree = "<group>"; };
		8D137489DF6518F62F0A9788 /* Pods_KeyChain_Swift.framework */ = {isa = PBXFileReference; explicitFileType = wrapper.framework; includeInIndex = 0; path = Pods_KeyChain_Swift.framework; sourceTree = BUILT_PRODUCTS_DIR; };
		9377CE05E880C124FADF1072 /* Pods-KeyChain_Swift.release.xcconfig */ = {isa = PBXFileReference; includeInIndex = 1; lastKnownFileType = text.xcconfig; name = "Pods-KeyChain_Swift.release.xcconfig"; path = "Target Support Files/Pods-KeyChain_Swift/Pods-KeyChain_Swift.release.xcconfig"; sourceTree = "<group>"; };
		E128270E0EDD14E18276C742 /* Pods-KeyChain_Swift.debug.xcconfig */ = {isa = PBXFileReference; includeInIndex = 1; lastKnownFileType = text.xcconfig; name = "Pods-KeyChain_Swift.debug.xcconfig"; path = "Target Support Files/Pods-KeyChain_Swift/Pods-KeyChain_Swift.debug.xcconfig"; sourceTree = "<group>"; };
/* End PBXFileReference section */

/* Begin PBXFrameworksBuildPhase section */
		18346F7726B190DE00388568 /* Frameworks */ = {
			isa = PBXFrameworksBuildPhase;
			buildActionMask = 2147483647;
			files = (
				DDDC3D2907B8BEC38933CAE5 /* Pods_KeyChain_Swift.framework in Frameworks */,
			);
			runOnlyForDeploymentPostprocessing = 0;
		};
/* End PBXFrameworksBuildPhase section */

/* Begin PBXGroup section */
		18346F7126B190DE00388568 = {
			isa = PBXGroup;
			children = (
				18346F7C26B190DE00388568 /* KeyChain_Swift */,
				18346F7B26B190DE00388568 /* Products */,
				6B4187F0BDBE7FE39C2C3CB6 /* Pods */,
				3F9881A444545D9E0DC6B054 /* Frameworks */,
			);
			sourceTree = "<group>";
		};
		18346F7B26B190DE00388568 /* Products */ = {
			isa = PBXGroup;
			children = (
				18346F7A26B190DE00388568 /* KeyChain_Swift.app */,
			);
			name = Products;
			sourceTree = "<group>";
		};
		18346F7C26B190DE00388568 /* KeyChain_Swift */ = {
			isa = PBXGroup;
			children = (
				18346F7D26B190DE00388568 /* AppDelegate.swift */,
				18346F7F26B190DE00388568 /* SceneDelegate.swift */,
				18346F8126B190DE00388568 /* ViewController.swift */,
				18346FA526B192C200388568 /* Main.storyboard */,
				18346FA126B192A200388568 /* SuccessVC.swift */,
				18346F8626B190E000388568 /* Assets.xcassets */,
				18346F8826B190E000388568 /* LaunchScreen.storyboard */,
				18346F8B26B190E000388568 /* Info.plist */,
			);
			path = KeyChain_Swift;
			sourceTree = "<group>";
		};
		3F9881A444545D9E0DC6B054 /* Frameworks */ = {
			isa = PBXGroup;
			children = (
				8D137489DF6518F62F0A9788 /* Pods_KeyChain_Swift.framework */,
			);
			name = Frameworks;
			sourceTree = "<group>";
		};
		6B4187F0BDBE7FE39C2C3CB6 /* Pods */ = {
			isa = PBXGroup;
			children = (
				E128270E0EDD14E18276C742 /* Pods-KeyChain_Swift.debug.xcconfig */,
				9377CE05E880C124FADF1072 /* Pods-KeyChain_Swift.release.xcconfig */,
			);
			path = Pods;
			sourceTree = "<group>";
		};
/* End PBXGroup section */

/* Begin PBXNativeTarget section */
		18346F7926B190DE00388568 /* KeyChain_Swift */ = {
			isa = PBXNativeTarget;
			buildConfigurationList = 18346F8E26B190E000388568 /* Build configuration list for PBXNativeTarget "KeyChain_Swift" */;
			buildPhases = (
				1DAC1D6B723465B870314EDF /* [CP] Check Pods Manifest.lock */,
				18346F7626B190DE00388568 /* Sources */,
				18346F7726B190DE00388568 /* Frameworks */,
				18346F7826B190DE00388568 /* Resources */,
				3EC4309F66BF137E08CDCDC3 /* [CP] Embed Pods Frameworks */,
			);
			buildRules = (
			);
			dependencies = (
			);
			name = KeyChain_Swift;
			productName = KeyChain_Swift;
			productReference = 18346F7A26B190DE00388568 /* KeyChain_Swift.app */;
			productType = "com.apple.product-type.application";
		};
/* End PBXNativeTarget section */

/* Begin PBXProject section */
		18346F7226B190DE00388568 /* Project object */ = {
			isa = PBXProject;
			attributes = {
				LastSwiftUpdateCheck = 1240;
				LastUpgradeCheck = 1240;
				TargetAttributes = {
					18346F7926B190DE00388568 = {
						CreatedOnToolsVersion = 12.4;
					};
				};
			};
			buildConfigurationList = 18346F7526B190DE00388568 /* Build configuration list for PBXProject "KeyChain_Swift" */;
			compatibilityVersion = "Xcode 9.3";
			developmentRegion = en;
			hasScannedForEncodings = 0;
			knownRegions = (
				en,
				Base,
			);
			mainGroup = 18346F7126B190DE00388568;
			productRefGroup = 18346F7B26B190DE00388568 /* Products */;
			projectDirPath = "";
			projectRoot = "";
			targets = (
				18346F7926B190DE00388568 /* KeyChain_Swift */,
			);
		};
/* End PBXProject section */

/* Begin PBXResourcesBuildPhase section */
		18346F7826B190DE00388568 /* Resources */ = {
			isa = PBXResourcesBuildPhase;
			buildActionMask = 2147483647;
			files = (
				18346FA626B192C200388568 /* Main.storyboard in Resources */,
				18346F8A26B190E000388568 /* LaunchScreen.storyboard in Resources */,
				18346F8726B190E000388568 /* Assets.xcassets in Resources */,
			);
			runOnlyForDeploymentPostprocessing = 0;
		};
/* End PBXResourcesBuildPhase section */

/* Begin PBXShellScriptBuildPhase section */
		1DAC1D6B723465B870314EDF /* [CP] Check Pods Manifest.lock */ = {
			isa = PBXShellScriptBuildPhase;
			buildActionMask = 2147483647;
			files = (
			);
			inputFileListPaths = (
			);
			inputPaths = (
				"${PODS_PODFILE_DIR_PATH}/Podfile.lock",
				"${PODS_ROOT}/Manifest.lock",
			);
			name = "[CP] Check Pods Manifest.lock";
			outputFileListPaths = (
			);
			outputPaths = (
				"$(DERIVED_FILE_DIR)/Pods-KeyChain_Swift-checkManifestLockResult.txt",
			);
			runOnlyForDeploymentPostprocessing = 0;
			shellPath = /bin/sh;
			shellScript = "diff \"${PODS_PODFILE_DIR_PATH}/Podfile.lock\" \"${PODS_ROOT}/Manifest.lock\" > /dev/null\nif [ $? != 0 ] ; then\n    # print error to STDERR\n    echo \"error: The sandbox is not in sync with the Podfile.lock. Run 'pod install' or update your CocoaPods installation.\" >&2\n    exit 1\nfi\n# This output is used by Xcode 'outputs' to avoid re-running this script phase.\necho \"SUCCESS\" > \"${SCRIPT_OUTPUT_FILE_0}\"\n";
			showEnvVarsInLog = 0;
		};
		3EC4309F66BF137E08CDCDC3 /* [CP] Embed Pods Frameworks */ = {
			isa = PBXShellScriptBuildPhase;
			buildActionMask = 2147483647;
			files = (
			);
			inputFileListPaths = (
				"${PODS_ROOT}/Target Support Files/Pods-KeyChain_Swift/Pods-KeyChain_Swift-frameworks-${CONFIGURATION}-input-files.xcfilelist",
			);
			name = "[CP] Embed Pods Frameworks";
			outputFileListPaths = (
				"${PODS_ROOT}/Target Support Files/Pods-KeyChain_Swift/Pods-KeyChain_Swift-frameworks-${CONFIGURATION}-output-files.xcfilelist",
			);
			runOnlyForDeploymentPostprocessing = 0;
			shellPath = /bin/sh;
			shellScript = "\"${PODS_ROOT}/Target Support Files/Pods-KeyChain_Swift/Pods-KeyChain_Swift-frameworks.sh\"\n";
			showEnvVarsInLog = 0;
		};
/* End PBXShellScriptBuildPhase section */

/* Begin PBXSourcesBuildPhase section */
		18346F7626B190DE00388568 /* Sources */ = {
			isa = PBXSourcesBuildPhase;
			buildActionMask = 2147483647;
			files = (
				18346FA226B192A200388568 /* SuccessVC.swift in Sources */,
				18346F8226B190DE00388568 /* ViewController.swift in Sources */,
				18346F7E26B190DE00388568 /* AppDelegate.swift in Sources */,
				18346F8026B190DE00388568 /* SceneDelegate.swift in Sources */,
			);
			runOnlyForDeploymentPostprocessing = 0;
		};
/* End PBXSourcesBuildPhase section */

/* Begin PBXVariantGroup section */
		18346F8826B190E000388568 /* LaunchScreen.storyboard */ = {
			isa = PBXVariantGroup;
			children = (
				18346F8926B190E000388568 /* Base */,
			);
			name = LaunchScreen.storyboard;
			sourceTree = "<group>";
		};
/* End PBXVariantGroup section */

/* Begin XCBuildConfiguration section */
		18346F8C26B190E000388568 /* Debug */ = {
			isa = XCBuildConfiguration;
			buildSettings = {
				ALWAYS_SEARCH_USER_PATHS = NO;
				CLANG_ANALYZER_NONNULL = YES;
				CLANG_ANALYZER_NUMBER_OBJECT_CONVERSION = YES_AGGRESSIVE;
				CLANG_CXX_LANGUAGE_STANDARD = "gnu++14";
				CLANG_CXX_LIBRARY = "libc++";
				CLANG_ENABLE_MODULES = YES;
				CLANG_ENABLE_OBJC_ARC = YES;
				CLANG_ENABLE_OBJC_WEAK = YES;
				CLANG_WARN_BLOCK_CAPTURE_AUTORELEASING = YES;
				CLANG_WARN_BOOL_CONVERSION = YES;
				CLANG_WARN_COMMA = YES;
				CLANG_WARN_CONSTANT_CONVERSION = YES;
				CLANG_WARN_DEPRECATED_OBJC_IMPLEMENTATIONS = YES;
				CLANG_WARN_DIRECT_OBJC_ISA_USAGE = YES_ERROR;
				CLANG_WARN_DOCUMENTATION_COMMENTS = YES;
				CLANG_WARN_EMPTY_BODY = YES;
				CLANG_WARN_ENUM_CONVERSION = YES;
				CLANG_WARN_INFINITE_RECURSION = YES;
				CLANG_WARN_INT_CONVERSION = YES;
				CLANG_WARN_NON_LITERAL_NULL_CONVERSION = YES;
				CLANG_WARN_OBJC_IMPLICIT_RETAIN_SELF = YES;
				CLANG_WARN_OBJC_LITERAL_CONVERSION = YES;
				CLANG_WARN_OBJC_ROOT_CLASS = YES_ERROR;
				CLANG_WARN_QUOTED_INCLUDE_IN_FRAMEWORK_HEADER = YES;
				CLANG_WARN_RANGE_LOOP_ANALYSIS = YES;
				CLANG_WARN_STRICT_PROTOTYPES = YES;
				CLANG_WARN_SUSPICIOUS_MOVE = YES;
				CLANG_WARN_UNGUARDED_AVAILABILITY = YES_AGGRESSIVE;
				CLANG_WARN_UNREACHABLE_CODE = YES;
				CLANG_WARN__DUPLICATE_METHOD_MATCH = YES;
				COPY_PHASE_STRIP = NO;
				DEBUG_INFORMATION_FORMAT = dwarf;
				ENABLE_STRICT_OBJC_MSGSEND = YES;
				ENABLE_TESTABILITY = YES;
				GCC_C_LANGUAGE_STANDARD = gnu11;
				GCC_DYNAMIC_NO_PIC = NO;
				GCC_NO_COMMON_BLOCKS = YES;
				GCC_OPTIMIZATION_LEVEL = 0;
				GCC_PREPROCESSOR_DEFINITIONS = (
					"DEBUG=1",
					"$(inherited)",
				);
				GCC_WARN_64_TO_32_BIT_CONVERSION = YES;
				GCC_WARN_ABOUT_RETURN_TYPE = YES_ERROR;
				GCC_WARN_UNDECLARED_SELECTOR = YES;
				GCC_WARN_UNINITIALIZED_AUTOS = YES_AGGRESSIVE;
				GCC_WARN_UNUSED_FUNCTION = YES;
				GCC_WARN_UNUSED_VARIABLE = YES;
				IPHONEOS_DEPLOYMENT_TARGET = 14.4;
				MTL_ENABLE_DEBUG_INFO = INCLUDE_SOURCE;
				MTL_FAST_MATH = YES;
				ONLY_ACTIVE_ARCH = YES;
				SDKROOT = iphoneos;
				SWIFT_ACTIVE_COMPILATION_CONDITIONS = DEBUG;
				SWIFT_OPTIMIZATION_LEVEL = "-Onone";
			};
			name = Debug;
		};
		18346F8D26B190E000388568 /* Release */ = {
			isa = XCBuildConfiguration;
			buildSettings = {
				ALWAYS_SEARCH_USER_PATHS = NO;
				CLANG_ANALYZER_NONNULL = YES;
				CLANG_ANALYZER_NUMBER_OBJECT_CONVERSION = YES_AGGRESSIVE;
				CLANG_CXX_LANGUAGE_STANDARD = "gnu++14";
				CLANG_CXX_LIBRARY = "libc++";
				CLANG_ENABLE_MODULES = YES;
				CLANG_ENABLE_OBJC_ARC = YES;
				CLANG_ENABLE_OBJC_WEAK = YES;
				CLANG_WARN_BLOCK_CAPTURE_AUTORELEASING = YES;
				CLANG_WARN_BOOL_CONVERSION = YES;
				CLANG_WARN_COMMA = YES;
				CLANG_WARN_CONSTANT_CONVERSION = YES;
				CLANG_WARN_DEPRECATED_OBJC_IMPLEMENTATIONS = YES;
				CLANG_WARN_DIRECT_OBJC_ISA_USAGE = YES_ERROR;
				CLANG_WARN_DOCUMENTATION_COMMENTS = YES;
				CLANG_WARN_EMPTY_BODY = YES;
				CLANG_WARN_ENUM_CONVERSION = YES;
				CLANG_WARN_INFINITE_RECURSION = YES;
				CLANG_WARN_INT_CONVERSION = YES;
				CLANG_WARN_NON_LITERAL_NULL_CONVERSION = YES;
				CLANG_WARN_OBJC_IMPLICIT_RETAIN_SELF = YES;
				CLANG_WARN_OBJC_LITERAL_CONVERSION = YES;
				CLANG_WARN_OBJC_ROOT_CLASS = YES_ERROR;
				CLANG_WARN_QUOTED_INCLUDE_IN_FRAMEWORK_HEADER = YES;
				CLANG_WARN_RANGE_LOOP_ANALYSIS = YES;
				CLANG_WARN_STRICT_PROTOTYPES = YES;
				CLANG_WARN_SUSPICIOUS_MOVE = YES;
				CLANG_WARN_UNGUARDED_AVAILABILITY = YES_AGGRESSIVE;
				CLANG_WARN_UNREACHABLE_CODE = YES;
				CLANG_WARN__DUPLICATE_METHOD_MATCH = YES;
				COPY_PHASE_STRIP = NO;
				DEBUG_INFORMATION_FORMAT = "dwarf-with-dsym";
				ENABLE_NS_ASSERTIONS = NO;
				ENABLE_STRICT_OBJC_MSGSEND = YES;
				GCC_C_LANGUAGE_STANDARD = gnu11;
				GCC_NO_COMMON_BLOCKS = YES;
				GCC_WARN_64_TO_32_BIT_CONVERSION = YES;
				GCC_WARN_ABOUT_RETURN_TYPE = YES_ERROR;
				GCC_WARN_UNDECLARED_SELECTOR = YES;
				GCC_WARN_UNINITIALIZED_AUTOS = YES_AGGRESSIVE;
				GCC_WARN_UNUSED_FUNCTION = YES;
				GCC_WARN_UNUSED_VARIABLE = YES;
				IPHONEOS_DEPLOYMENT_TARGET = 14.4;
				MTL_ENABLE_DEBUG_INFO = NO;
				MTL_FAST_MATH = YES;
				SDKROOT = iphoneos;
				SWIFT_COMPILATION_MODE = wholemodule;
				SWIFT_OPTIMIZATION_LEVEL = "-O";
				VALIDATE_PRODUCT = YES;
			};
			name = Release;
		};
		18346F8F26B190E000388568 /* Debug */ = {
			isa = XCBuildConfiguration;
			baseConfigurationReference = E128270E0EDD14E18276C742 /* Pods-KeyChain_Swift.debug.xcconfig */;
			buildSettings = {
				ASSETCATALOG_COMPILER_APPICON_NAME = AppIcon;
				ASSETCATALOG_COMPILER_GLOBAL_ACCENT_COLOR_NAME = AccentColor;
				CODE_SIGN_STYLE = Automatic;
				INFOPLIST_FILE = KeyChain_Swift/Info.plist;
				LD_RUNPATH_SEARCH_PATHS = (
					"$(inherited)",
					"@executable_path/Frameworks",
				);
				PRODUCT_BUNDLE_IDENTIFIER = "com.customer.KeyChain-Swift";
				PRODUCT_NAME = "$(TARGET_NAME)";
				SWIFT_VERSION = 5.0;
				TARGETED_DEVICE_FAMILY = "1,2";
			};
			name = Debug;
		};
		18346F9026B190E000388568 /* Release */ = {
			isa = XCBuildConfiguration;
			baseConfigurationReference = 9377CE05E880C124FADF1072 /* Pods-KeyChain_Swift.release.xcconfig */;
			buildSettings = {
				ASSETCATALOG_COMPILER_APPICON_NAME = AppIcon;
				ASSETCATALOG_COMPILER_GLOBAL_ACCENT_COLOR_NAME = AccentColor;
				CODE_SIGN_STYLE = Automatic;
				INFOPLIST_FILE = KeyChain_Swift/Info.plist;
				LD_RUNPATH_SEARCH_PATHS = (
					"$(inherited)",
					"@executable_path/Frameworks",
				);
				PRODUCT_BUNDLE_IDENTIFIER = "com.customer.KeyChain-Swift";
				PRODUCT_NAME = "$(TARGET_NAME)";
				SWIFT_VERSION = 5.0;
				TARGETED_DEVICE_FAMILY = "1,2";
			};
			name = Release;
		};
/* End XCBuildConfiguration section */

/* Begin XCConfigurationList section */
		18346F7526B190DE00388568 /* Build configuration list for PBXProject "KeyChain_Swift" */ = {
			isa = XCConfigurationList;
			buildConfigurations = (
				18346F8C26B190E000388568 /* Debug */,
				18346F8D26B190E000388568 /* Release */,
			);
			defaultConfigurationIsVisible = 0;
			defaultConfigurationName = Release;
		};
		18346F8E26B190E000388568 /* Build configuration list for PBXNativeTarget "KeyChain_Swift" */ = {
			isa = XCConfigurationList;
			buildConfigurations = (
				18346F8F26B190E000388568 /* Debug */,
				18346F9026B190E000388568 /* Release */,
			);
			defaultConfigurationIsVisible = 0;
			defaultConfigurationName = Release;
		};
/* End XCConfigurationList section */
	};
	rootObject = 18346F7226B190DE00388568 /* Project object */;
}
